<?xml version="1.0" encoding="utf-8"?>
<Project ToolsVersion="4.0" xmlns="http://schemas.microsoft.com/developer/msbuild/2003">
  <ItemGroup>
    <ClCompile Include="Source\CmdLineExec.cpp">
      <Filter>Source</Filter>
    </ClCompile>
    <ClCompile Include="Source\Main.cpp">
      <Filter>Source</Filter>
    </ClCompile>
  </ItemGroup>
  <ItemGroup>
    <Filter Include="Source">
      <UniqueIdentifier>{c8afa1ae-2810-4a74-a9ac-c73d43b6884d}</UniqueIdentifier>
    </Filter>
  </ItemGroup>
  <ItemGroup>
    <ClInclude Include="Source\CmdLineExec.h">
      <Filter>Source</Filter>
    </ClInclude>
    <ClInclude Include="Source\regHelper.h">
      <Filter>Source</Filter>
    </ClInclude>
  </ItemGroup>
</Project>