<?xml version="1.0" encoding="utf-8"?>
<Project ToolsVersion="4.0" xmlns="http://schemas.microsoft.com/developer/msbuild/2003">
  <ItemGroup>
    <ClCompile Include="Source\CmdLineExec.cpp">
      <Filter>Source</Filter>
    </ClCompile>
    <ClCompile Include="Source\Main.cpp">
      <Filter>Source</Filter>
    </ClCompile>
    <ClCompile Include="Source\MainInit.cpp">
      <Filter>Source</Filter>
    </ClCompile>
    <ClCompile Include="Source\someShare.cpp">
      <Filter>Source</Filter>
    </ClCompile>
    <ClCompile Include="Source\someThread1.cpp">
      <Filter>Source</Filter>
    </ClCompile>
    <ClCompile Include="Source\someTimerThread.cpp">
      <Filter>Source</Filter>
    </ClCompile>
    <ClCompile Include="Source\Experiment.cpp">
      <Filter>Source</Filter>
    </ClCompile>
    <ClCompile Include="Source\stdafx.cpp">
      <Filter>Source</Filter>
    </ClCompile>
  </ItemGroup>
  <ItemGroup>
    <ClInclude Include="Source\CmdLineExec.h">
      <Filter>Source</Filter>
    </ClInclude>
    <ClInclude Include="Source\MainInit.h">
      <Filter>Source</Filter>
    </ClInclude>
    <ClInclude Include="Source\someShare.h">
      <Filter>Source</Filter>
    </ClInclude>
    <ClInclude Include="Source\someThread1.h">
      <Filter>Source</Filter>
    </ClInclude>
    <ClInclude Include="Source\someTimerThread.h">
      <Filter>Source</Filter>
    </ClInclude>
    <ClInclude Include="Source\Experiment.h">
      <Filter>Source</Filter>
    </ClInclude>
    <ClInclude Include="Source\stdafx.h">
      <Filter>Source</Filter>
    </ClInclude>
  </ItemGroup>
  <ItemGroup>
    <Filter Include="Source">
      <UniqueIdentifier>{26328112-235c-4757-bbcb-3e5ae4112ab2}</UniqueIdentifier>
    </Filter>
  </ItemGroup>
</Project>