
Microsoft Visual Studio Solution File, Format Version 12.00
# Visual Studio Express 2012 for Windows Desktop
Project("{8BC9CEB8-8B4A-11D0-8D11-00A0C91BC942}") = "CmdLineTest1", "CmdLineTest1\CmdLineTest1.vcxproj", "{73A309B2-0AF9-47EB-B5D1-A932203B9F9C}"
EndProject
Project("{8BC9CEB8-8B4A-11D0-8D11-00A0C91BC942}") = "ThreadTest", "ThreadTest\ThreadTest.vcxproj", "{A0AB985A-67BB-44DB-805C-7B0A4CA53170}"
EndProject
Project("{8BC9CEB8-8B4A-11D0-8D11-00A0C91BC942}") = "RemoteServer", "RemoteServer\RemoteServer.vcxproj", "{DC96D198-3795-4AB0-9A96-9BDA279919FE}"
EndProject
Project("{8BC9CEB8-8B4A-11D0-8D11-00A0C91BC942}") = "NanoTimeTest", "NanoTimeTest\NanoTimeTest.vcxproj", "{AE99F90E-2FA0-488C-B231-DA74E79B0E1F}"
EndProject
Project("{8BC9CEB8-8B4A-11D0-8D11-00A0C91BC942}") = "TwoThreadTest", "TwoThreadTest\TwoThreadTest.vcxproj", "{94FB6082-38EF-4E73-9DDD-F0969070F8C6}"
EndProject
Project("{8BC9CEB8-8B4A-11D0-8D11-00A0C91BC942}") = "FilterTest", "FilterTest\FilterTest.vcxproj", "{07887E20-BCDF-443C-A98B-C4C796AE7240}"
EndProject
Project("{8BC9CEB8-8B4A-11D0-8D11-00A0C91BC942}") = "RVectorTest", "RVectorTest\RVectorTest.vcxproj", "{B9C26569-D4B6-4CB6-8B04-81E3CFC562F3}"
EndProject
Project("{8BC9CEB8-8B4A-11D0-8D11-00A0C91BC942}") = "RisLib", "RisLib\RisLib.vcxproj", "{740DD552-6B3B-4A1B-9B22-B6F516E458AB}"
EndProject
Project("{8BC9CEB8-8B4A-11D0-8D11-00A0C91BC942}") = "Test", "Test\Test.vcxproj", "{CAE77CCE-F1ED-4596-913A-975EA3C7BCB8}"
EndProject
Project("{8BC9CEB8-8B4A-11D0-8D11-00A0C91BC942}") = "CallPointer1", "CallPointer1\CallPointer1.vcxproj", "{CA583E80-2EA1-11E3-AA6E-0800200C9A66}"
EndProject
Project("{8BC9CEB8-8B4A-11D0-8D11-00A0C91BC942}") = "LutTest", "LutTest\LutTest.vcxproj", "{EAF0F775-3BAB-47E6-B741-EE0FE4F6AA65}"
EndProject
Project("{8BC9CEB8-8B4A-11D0-8D11-00A0C91BC942}") = "RemoteClient", "RemoteClient\RemoteClient.vcxproj", "{28E2E396-CCB0-4CEA-AC8A-BA8BCE19F855}"
EndProject
Project("{8BC9CEB8-8B4A-11D0-8D11-00A0C91BC942}") = "Classes", "Classes\Classes.vcxproj", "{B3A1094D-9994-4EA8-BC7B-B9E31C94B8CA}"
EndProject
Project("{8BC9CEB8-8B4A-11D0-8D11-00A0C91BC942}") = "CallPointer2", "CallPointer2\CallPointer2.vcxproj", "{253783D2-1554-41E5-A402-1C44FC5F22A1}"
EndProject
Global
	GlobalSection(SolutionConfigurationPlatforms) = preSolution
		Debug|Win32 = Debug|Win32
		Release|Win32 = Release|Win32
	EndGlobalSection
	GlobalSection(ProjectConfigurationPlatforms) = postSolution
		{73A309B2-0AF9-47EB-B5D1-A932203B9F9C}.Debug|Win32.ActiveCfg = Debug|Win32
		{73A309B2-0AF9-47EB-B5D1-A932203B9F9C}.Debug|Win32.Build.0 = Debug|Win32
		{73A309B2-0AF9-47EB-B5D1-A932203B9F9C}.Release|Win32.ActiveCfg = Release|Win32
		{73A309B2-0AF9-47EB-B5D1-A932203B9F9C}.Release|Win32.Build.0 = Release|Win32
		{A0AB985A-67BB-44DB-805C-7B0A4CA53170}.Debug|Win32.ActiveCfg = Debug|Win32
		{A0AB985A-67BB-44DB-805C-7B0A4CA53170}.Debug|Win32.Build.0 = Debug|Win32
		{A0AB985A-67BB-44DB-805C-7B0A4CA53170}.Release|Win32.ActiveCfg = Release|Win32
		{A0AB985A-67BB-44DB-805C-7B0A4CA53170}.Release|Win32.Build.0 = Release|Win32
		{DC96D198-3795-4AB0-9A96-9BDA279919FE}.Debug|Win32.ActiveCfg = Debug|Win32
		{DC96D198-3795-4AB0-9A96-9BDA279919FE}.Debug|Win32.Build.0 = Debug|Win32
		{DC96D198-3795-4AB0-9A96-9BDA279919FE}.Release|Win32.ActiveCfg = Release|Win32
		{DC96D198-3795-4AB0-9A96-9BDA279919FE}.Release|Win32.Build.0 = Release|Win32
		{AE99F90E-2FA0-488C-B231-DA74E79B0E1F}.Debug|Win32.ActiveCfg = Debug|Win32
		{AE99F90E-2FA0-488C-B231-DA74E79B0E1F}.Debug|Win32.Build.0 = Debug|Win32
		{AE99F90E-2FA0-488C-B231-DA74E79B0E1F}.Release|Win32.ActiveCfg = Release|Win32
		{AE99F90E-2FA0-488C-B231-DA74E79B0E1F}.Release|Win32.Build.0 = Release|Win32
		{94FB6082-38EF-4E73-9DDD-F0969070F8C6}.Debug|Win32.ActiveCfg = Debug|Win32
		{94FB6082-38EF-4E73-9DDD-F0969070F8C6}.Debug|Win32.Build.0 = Debug|Win32
		{94FB6082-38EF-4E73-9DDD-F0969070F8C6}.Release|Win32.ActiveCfg = Release|Win32
		{94FB6082-38EF-4E73-9DDD-F0969070F8C6}.Release|Win32.Build.0 = Release|Win32
		{07887E20-BCDF-443C-A98B-C4C796AE7240}.Debug|Win32.ActiveCfg = Debug|Win32
		{07887E20-BCDF-443C-A98B-C4C796AE7240}.Debug|Win32.Build.0 = Debug|Win32
		{07887E20-BCDF-443C-A98B-C4C796AE7240}.Release|Win32.ActiveCfg = Release|Win32
		{07887E20-BCDF-443C-A98B-C4C796AE7240}.Release|Win32.Build.0 = Release|Win32
		{B9C26569-D4B6-4CB6-8B04-81E3CFC562F3}.Debug|Win32.ActiveCfg = Debug|Win32
		{B9C26569-D4B6-4CB6-8B04-81E3CFC562F3}.Debug|Win32.Build.0 = Debug|Win32
		{B9C26569-D4B6-4CB6-8B04-81E3CFC562F3}.Release|Win32.ActiveCfg = Release|Win32
		{B9C26569-D4B6-4CB6-8B04-81E3CFC562F3}.Release|Win32.Build.0 = Release|Win32
		{740DD552-6B3B-4A1B-9B22-B6F516E458AB}.Debug|Win32.ActiveCfg = Debug|Win32
		{740DD552-6B3B-4A1B-9B22-B6F516E458AB}.Debug|Win32.Build.0 = Debug|Win32
		{740DD552-6B3B-4A1B-9B22-B6F516E458AB}.Release|Win32.ActiveCfg = Release|Win32
		{740DD552-6B3B-4A1B-9B22-B6F516E458AB}.Release|Win32.Build.0 = Release|Win32
		{CAE77CCE-F1ED-4596-913A-975EA3C7BCB8}.Debug|Win32.ActiveCfg = Debug|Win32
		{CAE77CCE-F1ED-4596-913A-975EA3C7BCB8}.Debug|Win32.Build.0 = Debug|Win32
		{CAE77CCE-F1ED-4596-913A-975EA3C7BCB8}.Release|Win32.ActiveCfg = Release|Win32
		{CAE77CCE-F1ED-4596-913A-975EA3C7BCB8}.Release|Win32.Build.0 = Release|Win32
		{CA583E80-2EA1-11E3-AA6E-0800200C9A66}.Debug|Win32.ActiveCfg = Debug|Win32
		{CA583E80-2EA1-11E3-AA6E-0800200C9A66}.Debug|Win32.Build.0 = Debug|Win32
		{CA583E80-2EA1-11E3-AA6E-0800200C9A66}.Release|Win32.ActiveCfg = Release|Win32
		{CA583E80-2EA1-11E3-AA6E-0800200C9A66}.Release|Win32.Build.0 = Release|Win32
		{EAF0F775-3BAB-47E6-B741-EE0FE4F6AA65}.Debug|Win32.ActiveCfg = Debug|Win32
		{EAF0F775-3BAB-47E6-B741-EE0FE4F6AA65}.Debug|Win32.Build.0 = Debug|Win32
		{EAF0F775-3BAB-47E6-B741-EE0FE4F6AA65}.Release|Win32.ActiveCfg = Release|Win32
		{EAF0F775-3BAB-47E6-B741-EE0FE4F6AA65}.Release|Win32.Build.0 = Release|Win32
		{28E2E396-CCB0-4CEA-AC8A-BA8BCE19F855}.Debug|Win32.ActiveCfg = Debug|Win32
		{28E2E396-CCB0-4CEA-AC8A-BA8BCE19F855}.Debug|Win32.Build.0 = Debug|Win32
		{28E2E396-CCB0-4CEA-AC8A-BA8BCE19F855}.Release|Win32.ActiveCfg = Release|Win32
		{28E2E396-CCB0-4CEA-AC8A-BA8BCE19F855}.Release|Win32.Build.0 = Release|Win32
		{B3A1094D-9994-4EA8-BC7B-B9E31C94B8CA}.Debug|Win32.ActiveCfg = Debug|Win32
		{B3A1094D-9994-4EA8-BC7B-B9E31C94B8CA}.Debug|Win32.Build.0 = Debug|Win32
		{B3A1094D-9994-4EA8-BC7B-B9E31C94B8CA}.Release|Win32.ActiveCfg = Release|Win32
		{B3A1094D-9994-4EA8-BC7B-B9E31C94B8CA}.Release|Win32.Build.0 = Release|Win32
		{253783D2-1554-41E5-A402-1C44FC5F22A1}.Debug|Win32.ActiveCfg = Debug|Win32
		{253783D2-1554-41E5-A402-1C44FC5F22A1}.Debug|Win32.Build.0 = Debug|Win32
		{253783D2-1554-41E5-A402-1C44FC5F22A1}.Release|Win32.ActiveCfg = Release|Win32
		{253783D2-1554-41E5-A402-1C44FC5F22A1}.Release|Win32.Build.0 = Release|Win32
	EndGlobalSection
	GlobalSection(SolutionProperties) = preSolution
		HideSolutionNode = FALSE
	EndGlobalSection
EndGlobal
