
Microsoft Visual Studio Solution File, Format Version 12.00
# Visual Studio 14
VisualStudioVersion = 14.0.25420.1
MinimumVisualStudioVersion = 10.0.40219.1
Project("{8BC9CEB8-8B4A-11D0-8D11-00A0C91BC942}") = "CmdLineTest1", "CmdLineTest1\CmdLineTest1.vcxproj", "{73A309B2-0AF9-47EB-B5D1-A932203B9F9C}"
EndProject
Project("{8BC9CEB8-8B4A-11D0-8D11-00A0C91BC942}") = "ThreadTest", "ThreadTest\ThreadTest.vcxproj", "{A0AB985A-67BB-44DB-805C-7B0A4CA53170}"
EndProject
Project("{8BC9CEB8-8B4A-11D0-8D11-00A0C91BC942}") = "NanoTimeTest", "NanoTimeTest\NanoTimeTest.vcxproj", "{AE99F90E-2FA0-488C-B231-DA74E79B0E1F}"
EndProject
Project("{8BC9CEB8-8B4A-11D0-8D11-00A0C91BC942}") = "RisLib", "RisLib\RisLib.vcxproj", "{740DD552-6B3B-4A1B-9B22-B6F516E458AB}"
EndProject
Project("{8BC9CEB8-8B4A-11D0-8D11-00A0C91BC942}") = "Test", "Test\Test.vcxproj", "{CAE77CCE-F1ED-4596-913A-975EA3C7BCB8}"
EndProject
Project("{8BC9CEB8-8B4A-11D0-8D11-00A0C91BC942}") = "CallPointer1", "CallPointer1\CallPointer1.vcxproj", "{CA583E80-2EA1-11E3-AA6E-0800200C9A66}"
EndProject
Project("{8BC9CEB8-8B4A-11D0-8D11-00A0C91BC942}") = "Classes", "Classes\Classes.vcxproj", "{B3A1094D-9994-4EA8-BC7B-B9E31C94B8CA}"
EndProject
Project("{8BC9CEB8-8B4A-11D0-8D11-00A0C91BC942}") = "CallPointer2", "CallPointer2\CallPointer2.vcxproj", "{253783D2-1554-41E5-A402-1C44FC5F22A1}"
EndProject
Project("{8BC9CEB8-8B4A-11D0-8D11-00A0C91BC942}") = "ProtoCommU", "ProtoCommU\ProtoCommU.vcxproj", "{15EDA9DE-064F-44C9-9DCA-898073B9343B}"
EndProject
Project("{8BC9CEB8-8B4A-11D0-8D11-00A0C91BC942}") = "ProtoCommT", "ProtoCommT\ProtoCommT.vcxproj", "{787F40DF-748E-4176-8496-877545D33F6D}"
EndProject
Project("{8BC9CEB8-8B4A-11D0-8D11-00A0C91BC942}") = "TimerThreadTest", "TimerThreadTest\TimerThreadTest.vcxproj", "{605B9FE7-D32A-4F54-BF14-C5D226492F05}"
EndProject
Project("{8BC9CEB8-8B4A-11D0-8D11-00A0C91BC942}") = "PrintTest", "PrintTest\PrintTest.vcxproj", "{3B01EFC6-2EFA-4A28-BC3D-171204CE509A}"
EndProject
Project("{8BC9CEB8-8B4A-11D0-8D11-00A0C91BC942}") = "PrintView", "PrintView\PrintView.vcxproj", "{E90F80F2-C5F3-47E0-9F4E-0AC6665BF036}"
EndProject
Project("{8BC9CEB8-8B4A-11D0-8D11-00A0C91BC942}") = "Experiment", "Experiment\Experiment.vcxproj", "{8EBB6FEB-0E50-4509-81F9-3B1CA055B290}"
EndProject
Project("{8BC9CEB8-8B4A-11D0-8D11-00A0C91BC942}") = "ThreadSynch", "ThreadSynch\ThreadSynch.vcxproj", "{90C1CE32-5D8A-42CA-8515-6E2695A410A1}"
EndProject
Project("{8BC9CEB8-8B4A-11D0-8D11-00A0C91BC942}") = "TwoThreadTest", "TwoThreadTest\TwoThreadTest.vcxproj", "{94FB6082-38EF-4E73-9DDD-F0969070F8C6}"
EndProject
Project("{8BC9CEB8-8B4A-11D0-8D11-00A0C91BC942}") = "ThreadQCall", "ThreadQCall\ThreadQCall.vcxproj", "{E2A7B31A-1B78-4A68-81FC-24E3F8ABA614}"
EndProject
Project("{8BC9CEB8-8B4A-11D0-8D11-00A0C91BC942}") = "ThreadSample", "ThreadSample\ThreadSample.vcxproj", "{1B9A7ED6-ECD9-41A2-9DA7-CFD25DC08C7A}"
EndProject
Project("{8BC9CEB8-8B4A-11D0-8D11-00A0C91BC942}") = "SerialComm", "SerialComm\SerialComm.vcxproj", "{CC60CC3E-86CA-4174-902E-8DCA9E93C6C4}"
EndProject
Project("{8BC9CEB8-8B4A-11D0-8D11-00A0C91BC942}") = "SerialPort", "SerialPort\SerialPort.vcxproj", "{26413F62-3C94-4A9A-B570-590367F6F65E}"
EndProject
Project("{8BC9CEB8-8B4A-11D0-8D11-00A0C91BC942}") = "ByteContent", "ByteContent\ByteContent.vcxproj", "{9AA6FFE3-BB36-41E2-899D-C3141B30651C}"
EndProject
Project("{8BC9CEB8-8B4A-11D0-8D11-00A0C91BC942}") = "GSettings", "GSettings\GSettings.vcxproj", "{F6067B90-9D8A-45D8-B124-168A964AC18F}"
EndProject
Project("{8BC9CEB8-8B4A-11D0-8D11-00A0C91BC942}") = "TableTest", "TableTest\TableTest.vcxproj", "{8D179CBA-0512-4B12-8443-6D40E611C673}"
EndProject
Project("{8BC9CEB8-8B4A-11D0-8D11-00A0C91BC942}") = "ExampleMsg", "ExampleMsg\ExampleMsg.vcxproj", "{4014CAA5-CA7C-4625-8B9D-673FDDFE52B7}"
EndProject
Project("{8BC9CEB8-8B4A-11D0-8D11-00A0C91BC942}") = "ConsoleTest", "ConsoleTest\ConsoleTest.vcxproj", "{20A8CA29-27A8-429C-9E94-9EA888CD489A}"
EndProject
Project("{8BC9CEB8-8B4A-11D0-8D11-00A0C91BC942}") = "Parms", "Parms\Parms.vcxproj", "{FBD99D78-D7B1-412E-9B70-02ADA80F4906}"
EndProject
Project("{2150E333-8FDC-42A3-9474-1A3956D46DE8}") = "Files", "Files", "{03F1F68A-FB5D-4388-95C7-E4EE406298C5}"
	ProjectSection(SolutionItems) = preProject
		Files\FilterCoefficients.txt = Files\FilterCoefficients.txt
		Files\Parms.txt = Files\Parms.txt
	EndProjectSection
EndProject
Global
	GlobalSection(SolutionConfigurationPlatforms) = preSolution
		Debug|Win32 = Debug|Win32
		Debug|x64 = Debug|x64
		Release|Win32 = Release|Win32
		Release|x64 = Release|x64
	EndGlobalSection
	GlobalSection(ProjectConfigurationPlatforms) = postSolution
		{73A309B2-0AF9-47EB-B5D1-A932203B9F9C}.Debug|Win32.ActiveCfg = Debug|Win32
		{73A309B2-0AF9-47EB-B5D1-A932203B9F9C}.Debug|Win32.Build.0 = Debug|Win32
		{73A309B2-0AF9-47EB-B5D1-A932203B9F9C}.Debug|x64.ActiveCfg = Debug|x64
		{73A309B2-0AF9-47EB-B5D1-A932203B9F9C}.Debug|x64.Build.0 = Debug|x64
		{73A309B2-0AF9-47EB-B5D1-A932203B9F9C}.Release|Win32.ActiveCfg = Release|Win32
		{73A309B2-0AF9-47EB-B5D1-A932203B9F9C}.Release|Win32.Build.0 = Release|Win32
		{73A309B2-0AF9-47EB-B5D1-A932203B9F9C}.Release|x64.ActiveCfg = Release|x64
		{73A309B2-0AF9-47EB-B5D1-A932203B9F9C}.Release|x64.Build.0 = Release|x64
		{A0AB985A-67BB-44DB-805C-7B0A4CA53170}.Debug|Win32.ActiveCfg = Debug|Win32
		{A0AB985A-67BB-44DB-805C-7B0A4CA53170}.Debug|Win32.Build.0 = Debug|Win32
		{A0AB985A-67BB-44DB-805C-7B0A4CA53170}.Debug|x64.ActiveCfg = Debug|x64
		{A0AB985A-67BB-44DB-805C-7B0A4CA53170}.Debug|x64.Build.0 = Debug|x64
		{A0AB985A-67BB-44DB-805C-7B0A4CA53170}.Release|Win32.ActiveCfg = Release|Win32
		{A0AB985A-67BB-44DB-805C-7B0A4CA53170}.Release|Win32.Build.0 = Release|Win32
		{A0AB985A-67BB-44DB-805C-7B0A4CA53170}.Release|x64.ActiveCfg = Release|x64
		{A0AB985A-67BB-44DB-805C-7B0A4CA53170}.Release|x64.Build.0 = Release|x64
		{AE99F90E-2FA0-488C-B231-DA74E79B0E1F}.Debug|Win32.ActiveCfg = Debug|Win32
		{AE99F90E-2FA0-488C-B231-DA74E79B0E1F}.Debug|Win32.Build.0 = Debug|Win32
		{AE99F90E-2FA0-488C-B231-DA74E79B0E1F}.Debug|x64.ActiveCfg = Debug|x64
		{AE99F90E-2FA0-488C-B231-DA74E79B0E1F}.Debug|x64.Build.0 = Debug|x64
		{AE99F90E-2FA0-488C-B231-DA74E79B0E1F}.Release|Win32.ActiveCfg = Release|Win32
		{AE99F90E-2FA0-488C-B231-DA74E79B0E1F}.Release|Win32.Build.0 = Release|Win32
		{AE99F90E-2FA0-488C-B231-DA74E79B0E1F}.Release|x64.ActiveCfg = Release|x64
		{AE99F90E-2FA0-488C-B231-DA74E79B0E1F}.Release|x64.Build.0 = Release|x64
		{740DD552-6B3B-4A1B-9B22-B6F516E458AB}.Debug|Win32.ActiveCfg = Debug|Win32
		{740DD552-6B3B-4A1B-9B22-B6F516E458AB}.Debug|Win32.Build.0 = Debug|Win32
		{740DD552-6B3B-4A1B-9B22-B6F516E458AB}.Debug|x64.ActiveCfg = Debug|x64
		{740DD552-6B3B-4A1B-9B22-B6F516E458AB}.Debug|x64.Build.0 = Debug|x64
		{740DD552-6B3B-4A1B-9B22-B6F516E458AB}.Release|Win32.ActiveCfg = Release|Win32
		{740DD552-6B3B-4A1B-9B22-B6F516E458AB}.Release|Win32.Build.0 = Release|Win32
		{740DD552-6B3B-4A1B-9B22-B6F516E458AB}.Release|x64.ActiveCfg = Release|x64
		{740DD552-6B3B-4A1B-9B22-B6F516E458AB}.Release|x64.Build.0 = Release|x64
		{CAE77CCE-F1ED-4596-913A-975EA3C7BCB8}.Debug|Win32.ActiveCfg = Debug|Win32
		{CAE77CCE-F1ED-4596-913A-975EA3C7BCB8}.Debug|Win32.Build.0 = Debug|Win32
		{CAE77CCE-F1ED-4596-913A-975EA3C7BCB8}.Debug|x64.ActiveCfg = Debug|x64
		{CAE77CCE-F1ED-4596-913A-975EA3C7BCB8}.Debug|x64.Build.0 = Debug|x64
		{CAE77CCE-F1ED-4596-913A-975EA3C7BCB8}.Release|Win32.ActiveCfg = Release|Win32
		{CAE77CCE-F1ED-4596-913A-975EA3C7BCB8}.Release|Win32.Build.0 = Release|Win32
		{CAE77CCE-F1ED-4596-913A-975EA3C7BCB8}.Release|x64.ActiveCfg = Release|x64
		{CAE77CCE-F1ED-4596-913A-975EA3C7BCB8}.Release|x64.Build.0 = Release|x64
		{CA583E80-2EA1-11E3-AA6E-0800200C9A66}.Debug|Win32.ActiveCfg = Debug|Win32
		{CA583E80-2EA1-11E3-AA6E-0800200C9A66}.Debug|Win32.Build.0 = Debug|Win32
		{CA583E80-2EA1-11E3-AA6E-0800200C9A66}.Debug|x64.ActiveCfg = Debug|x64
		{CA583E80-2EA1-11E3-AA6E-0800200C9A66}.Debug|x64.Build.0 = Debug|x64
		{CA583E80-2EA1-11E3-AA6E-0800200C9A66}.Release|Win32.ActiveCfg = Release|Win32
		{CA583E80-2EA1-11E3-AA6E-0800200C9A66}.Release|Win32.Build.0 = Release|Win32
		{CA583E80-2EA1-11E3-AA6E-0800200C9A66}.Release|x64.ActiveCfg = Release|x64
		{CA583E80-2EA1-11E3-AA6E-0800200C9A66}.Release|x64.Build.0 = Release|x64
		{B3A1094D-9994-4EA8-BC7B-B9E31C94B8CA}.Debug|Win32.ActiveCfg = Debug|Win32
		{B3A1094D-9994-4EA8-BC7B-B9E31C94B8CA}.Debug|Win32.Build.0 = Debug|Win32
		{B3A1094D-9994-4EA8-BC7B-B9E31C94B8CA}.Debug|x64.ActiveCfg = Debug|x64
		{B3A1094D-9994-4EA8-BC7B-B9E31C94B8CA}.Debug|x64.Build.0 = Debug|x64
		{B3A1094D-9994-4EA8-BC7B-B9E31C94B8CA}.Release|Win32.ActiveCfg = Release|Win32
		{B3A1094D-9994-4EA8-BC7B-B9E31C94B8CA}.Release|Win32.Build.0 = Release|Win32
		{B3A1094D-9994-4EA8-BC7B-B9E31C94B8CA}.Release|x64.ActiveCfg = Release|x64
		{B3A1094D-9994-4EA8-BC7B-B9E31C94B8CA}.Release|x64.Build.0 = Release|x64
		{253783D2-1554-41E5-A402-1C44FC5F22A1}.Debug|Win32.ActiveCfg = Debug|Win32
		{253783D2-1554-41E5-A402-1C44FC5F22A1}.Debug|Win32.Build.0 = Debug|Win32
		{253783D2-1554-41E5-A402-1C44FC5F22A1}.Debug|x64.ActiveCfg = Debug|x64
		{253783D2-1554-41E5-A402-1C44FC5F22A1}.Debug|x64.Build.0 = Debug|x64
		{253783D2-1554-41E5-A402-1C44FC5F22A1}.Release|Win32.ActiveCfg = Release|Win32
		{253783D2-1554-41E5-A402-1C44FC5F22A1}.Release|Win32.Build.0 = Release|Win32
		{253783D2-1554-41E5-A402-1C44FC5F22A1}.Release|x64.ActiveCfg = Release|x64
		{253783D2-1554-41E5-A402-1C44FC5F22A1}.Release|x64.Build.0 = Release|x64
		{15EDA9DE-064F-44C9-9DCA-898073B9343B}.Debug|Win32.ActiveCfg = Debug|Win32
		{15EDA9DE-064F-44C9-9DCA-898073B9343B}.Debug|Win32.Build.0 = Debug|Win32
		{15EDA9DE-064F-44C9-9DCA-898073B9343B}.Debug|x64.ActiveCfg = Debug|x64
		{15EDA9DE-064F-44C9-9DCA-898073B9343B}.Debug|x64.Build.0 = Debug|x64
		{15EDA9DE-064F-44C9-9DCA-898073B9343B}.Release|Win32.ActiveCfg = Release|Win32
		{15EDA9DE-064F-44C9-9DCA-898073B9343B}.Release|Win32.Build.0 = Release|Win32
		{15EDA9DE-064F-44C9-9DCA-898073B9343B}.Release|x64.ActiveCfg = Release|x64
		{15EDA9DE-064F-44C9-9DCA-898073B9343B}.Release|x64.Build.0 = Release|x64
		{787F40DF-748E-4176-8496-877545D33F6D}.Debug|Win32.ActiveCfg = Debug|Win32
		{787F40DF-748E-4176-8496-877545D33F6D}.Debug|Win32.Build.0 = Debug|Win32
		{787F40DF-748E-4176-8496-877545D33F6D}.Debug|x64.ActiveCfg = Debug|x64
		{787F40DF-748E-4176-8496-877545D33F6D}.Debug|x64.Build.0 = Debug|x64
		{787F40DF-748E-4176-8496-877545D33F6D}.Release|Win32.ActiveCfg = Release|Win32
		{787F40DF-748E-4176-8496-877545D33F6D}.Release|Win32.Build.0 = Release|Win32
		{787F40DF-748E-4176-8496-877545D33F6D}.Release|x64.ActiveCfg = Release|x64
		{787F40DF-748E-4176-8496-877545D33F6D}.Release|x64.Build.0 = Release|x64
		{605B9FE7-D32A-4F54-BF14-C5D226492F05}.Debug|Win32.ActiveCfg = Debug|Win32
		{605B9FE7-D32A-4F54-BF14-C5D226492F05}.Debug|Win32.Build.0 = Debug|Win32
		{605B9FE7-D32A-4F54-BF14-C5D226492F05}.Debug|x64.ActiveCfg = Debug|x64
		{605B9FE7-D32A-4F54-BF14-C5D226492F05}.Debug|x64.Build.0 = Debug|x64
		{605B9FE7-D32A-4F54-BF14-C5D226492F05}.Release|Win32.ActiveCfg = Release|Win32
		{605B9FE7-D32A-4F54-BF14-C5D226492F05}.Release|Win32.Build.0 = Release|Win32
		{605B9FE7-D32A-4F54-BF14-C5D226492F05}.Release|x64.ActiveCfg = Release|x64
		{605B9FE7-D32A-4F54-BF14-C5D226492F05}.Release|x64.Build.0 = Release|x64
		{3B01EFC6-2EFA-4A28-BC3D-171204CE509A}.Debug|Win32.ActiveCfg = Debug|Win32
		{3B01EFC6-2EFA-4A28-BC3D-171204CE509A}.Debug|Win32.Build.0 = Debug|Win32
		{3B01EFC6-2EFA-4A28-BC3D-171204CE509A}.Debug|x64.ActiveCfg = Debug|x64
		{3B01EFC6-2EFA-4A28-BC3D-171204CE509A}.Debug|x64.Build.0 = Debug|x64
		{3B01EFC6-2EFA-4A28-BC3D-171204CE509A}.Release|Win32.ActiveCfg = Release|Win32
		{3B01EFC6-2EFA-4A28-BC3D-171204CE509A}.Release|Win32.Build.0 = Release|Win32
		{3B01EFC6-2EFA-4A28-BC3D-171204CE509A}.Release|x64.ActiveCfg = Release|x64
		{3B01EFC6-2EFA-4A28-BC3D-171204CE509A}.Release|x64.Build.0 = Release|x64
		{E90F80F2-C5F3-47E0-9F4E-0AC6665BF036}.Debug|Win32.ActiveCfg = Debug|Win32
		{E90F80F2-C5F3-47E0-9F4E-0AC6665BF036}.Debug|Win32.Build.0 = Debug|Win32
		{E90F80F2-C5F3-47E0-9F4E-0AC6665BF036}.Debug|x64.ActiveCfg = Debug|x64
		{E90F80F2-C5F3-47E0-9F4E-0AC6665BF036}.Debug|x64.Build.0 = Debug|x64
		{E90F80F2-C5F3-47E0-9F4E-0AC6665BF036}.Release|Win32.ActiveCfg = Release|Win32
		{E90F80F2-C5F3-47E0-9F4E-0AC6665BF036}.Release|Win32.Build.0 = Release|Win32
		{E90F80F2-C5F3-47E0-9F4E-0AC6665BF036}.Release|x64.ActiveCfg = Release|x64
		{E90F80F2-C5F3-47E0-9F4E-0AC6665BF036}.Release|x64.Build.0 = Release|x64
		{8EBB6FEB-0E50-4509-81F9-3B1CA055B290}.Debug|Win32.ActiveCfg = Debug|Win32
		{8EBB6FEB-0E50-4509-81F9-3B1CA055B290}.Debug|Win32.Build.0 = Debug|Win32
		{8EBB6FEB-0E50-4509-81F9-3B1CA055B290}.Debug|x64.ActiveCfg = Debug|x64
		{8EBB6FEB-0E50-4509-81F9-3B1CA055B290}.Debug|x64.Build.0 = Debug|x64
		{8EBB6FEB-0E50-4509-81F9-3B1CA055B290}.Release|Win32.ActiveCfg = Release|Win32
		{8EBB6FEB-0E50-4509-81F9-3B1CA055B290}.Release|Win32.Build.0 = Release|Win32
		{8EBB6FEB-0E50-4509-81F9-3B1CA055B290}.Release|x64.ActiveCfg = Release|x64
		{8EBB6FEB-0E50-4509-81F9-3B1CA055B290}.Release|x64.Build.0 = Release|x64
		{90C1CE32-5D8A-42CA-8515-6E2695A410A1}.Debug|Win32.ActiveCfg = Debug|Win32
		{90C1CE32-5D8A-42CA-8515-6E2695A410A1}.Debug|Win32.Build.0 = Debug|Win32
		{90C1CE32-5D8A-42CA-8515-6E2695A410A1}.Debug|x64.ActiveCfg = Debug|x64
		{90C1CE32-5D8A-42CA-8515-6E2695A410A1}.Debug|x64.Build.0 = Debug|x64
		{90C1CE32-5D8A-42CA-8515-6E2695A410A1}.Release|Win32.ActiveCfg = Release|Win32
		{90C1CE32-5D8A-42CA-8515-6E2695A410A1}.Release|Win32.Build.0 = Release|Win32
		{90C1CE32-5D8A-42CA-8515-6E2695A410A1}.Release|x64.ActiveCfg = Release|x64
		{90C1CE32-5D8A-42CA-8515-6E2695A410A1}.Release|x64.Build.0 = Release|x64
		{94FB6082-38EF-4E73-9DDD-F0969070F8C6}.Debug|Win32.ActiveCfg = Debug|Win32
		{94FB6082-38EF-4E73-9DDD-F0969070F8C6}.Debug|Win32.Build.0 = Debug|Win32
		{94FB6082-38EF-4E73-9DDD-F0969070F8C6}.Debug|x64.ActiveCfg = Debug|x64
		{94FB6082-38EF-4E73-9DDD-F0969070F8C6}.Debug|x64.Build.0 = Debug|x64
		{94FB6082-38EF-4E73-9DDD-F0969070F8C6}.Release|Win32.ActiveCfg = Release|Win32
		{94FB6082-38EF-4E73-9DDD-F0969070F8C6}.Release|Win32.Build.0 = Release|Win32
		{94FB6082-38EF-4E73-9DDD-F0969070F8C6}.Release|x64.ActiveCfg = Release|x64
		{94FB6082-38EF-4E73-9DDD-F0969070F8C6}.Release|x64.Build.0 = Release|x64
		{E2A7B31A-1B78-4A68-81FC-24E3F8ABA614}.Debug|Win32.ActiveCfg = Debug|Win32
		{E2A7B31A-1B78-4A68-81FC-24E3F8ABA614}.Debug|Win32.Build.0 = Debug|Win32
		{E2A7B31A-1B78-4A68-81FC-24E3F8ABA614}.Debug|x64.ActiveCfg = Debug|x64
		{E2A7B31A-1B78-4A68-81FC-24E3F8ABA614}.Debug|x64.Build.0 = Debug|x64
		{E2A7B31A-1B78-4A68-81FC-24E3F8ABA614}.Release|Win32.ActiveCfg = Release|Win32
		{E2A7B31A-1B78-4A68-81FC-24E3F8ABA614}.Release|Win32.Build.0 = Release|Win32
		{E2A7B31A-1B78-4A68-81FC-24E3F8ABA614}.Release|x64.ActiveCfg = Release|x64
		{E2A7B31A-1B78-4A68-81FC-24E3F8ABA614}.Release|x64.Build.0 = Release|x64
		{1B9A7ED6-ECD9-41A2-9DA7-CFD25DC08C7A}.Debug|Win32.ActiveCfg = Debug|Win32
		{1B9A7ED6-ECD9-41A2-9DA7-CFD25DC08C7A}.Debug|Win32.Build.0 = Debug|Win32
		{1B9A7ED6-ECD9-41A2-9DA7-CFD25DC08C7A}.Debug|x64.ActiveCfg = Debug|x64
		{1B9A7ED6-ECD9-41A2-9DA7-CFD25DC08C7A}.Debug|x64.Build.0 = Debug|x64
		{1B9A7ED6-ECD9-41A2-9DA7-CFD25DC08C7A}.Release|Win32.ActiveCfg = Release|Win32
		{1B9A7ED6-ECD9-41A2-9DA7-CFD25DC08C7A}.Release|Win32.Build.0 = Release|Win32
		{1B9A7ED6-ECD9-41A2-9DA7-CFD25DC08C7A}.Release|x64.ActiveCfg = Release|x64
		{1B9A7ED6-ECD9-41A2-9DA7-CFD25DC08C7A}.Release|x64.Build.0 = Release|x64
		{CC60CC3E-86CA-4174-902E-8DCA9E93C6C4}.Debug|Win32.ActiveCfg = Debug|Win32
		{CC60CC3E-86CA-4174-902E-8DCA9E93C6C4}.Debug|Win32.Build.0 = Debug|Win32
		{CC60CC3E-86CA-4174-902E-8DCA9E93C6C4}.Debug|x64.ActiveCfg = Debug|x64
		{CC60CC3E-86CA-4174-902E-8DCA9E93C6C4}.Debug|x64.Build.0 = Debug|x64
		{CC60CC3E-86CA-4174-902E-8DCA9E93C6C4}.Release|Win32.ActiveCfg = Release|Win32
		{CC60CC3E-86CA-4174-902E-8DCA9E93C6C4}.Release|Win32.Build.0 = Release|Win32
		{CC60CC3E-86CA-4174-902E-8DCA9E93C6C4}.Release|x64.ActiveCfg = Release|x64
		{CC60CC3E-86CA-4174-902E-8DCA9E93C6C4}.Release|x64.Build.0 = Release|x64
		{26413F62-3C94-4A9A-B570-590367F6F65E}.Debug|Win32.ActiveCfg = Debug|Win32
		{26413F62-3C94-4A9A-B570-590367F6F65E}.Debug|Win32.Build.0 = Debug|Win32
		{26413F62-3C94-4A9A-B570-590367F6F65E}.Debug|x64.ActiveCfg = Debug|x64
		{26413F62-3C94-4A9A-B570-590367F6F65E}.Debug|x64.Build.0 = Debug|x64
		{26413F62-3C94-4A9A-B570-590367F6F65E}.Release|Win32.ActiveCfg = Release|Win32
		{26413F62-3C94-4A9A-B570-590367F6F65E}.Release|Win32.Build.0 = Release|Win32
		{26413F62-3C94-4A9A-B570-590367F6F65E}.Release|x64.ActiveCfg = Release|x64
		{26413F62-3C94-4A9A-B570-590367F6F65E}.Release|x64.Build.0 = Release|x64
		{9AA6FFE3-BB36-41E2-899D-C3141B30651C}.Debug|Win32.ActiveCfg = Debug|Win32
		{9AA6FFE3-BB36-41E2-899D-C3141B30651C}.Debug|Win32.Build.0 = Debug|Win32
		{9AA6FFE3-BB36-41E2-899D-C3141B30651C}.Debug|x64.ActiveCfg = Debug|x64
		{9AA6FFE3-BB36-41E2-899D-C3141B30651C}.Debug|x64.Build.0 = Debug|x64
		{9AA6FFE3-BB36-41E2-899D-C3141B30651C}.Release|Win32.ActiveCfg = Release|Win32
		{9AA6FFE3-BB36-41E2-899D-C3141B30651C}.Release|Win32.Build.0 = Release|Win32
		{9AA6FFE3-BB36-41E2-899D-C3141B30651C}.Release|x64.ActiveCfg = Release|x64
		{9AA6FFE3-BB36-41E2-899D-C3141B30651C}.Release|x64.Build.0 = Release|x64
		{F6067B90-9D8A-45D8-B124-168A964AC18F}.Debug|Win32.ActiveCfg = Debug|Win32
		{F6067B90-9D8A-45D8-B124-168A964AC18F}.Debug|Win32.Build.0 = Debug|Win32
		{F6067B90-9D8A-45D8-B124-168A964AC18F}.Debug|x64.ActiveCfg = Debug|x64
		{F6067B90-9D8A-45D8-B124-168A964AC18F}.Debug|x64.Build.0 = Debug|x64
		{F6067B90-9D8A-45D8-B124-168A964AC18F}.Release|Win32.ActiveCfg = Release|Win32
		{F6067B90-9D8A-45D8-B124-168A964AC18F}.Release|Win32.Build.0 = Release|Win32
		{F6067B90-9D8A-45D8-B124-168A964AC18F}.Release|x64.ActiveCfg = Release|x64
		{F6067B90-9D8A-45D8-B124-168A964AC18F}.Release|x64.Build.0 = Release|x64
		{8D179CBA-0512-4B12-8443-6D40E611C673}.Debug|Win32.ActiveCfg = Debug|Win32
		{8D179CBA-0512-4B12-8443-6D40E611C673}.Debug|Win32.Build.0 = Debug|Win32
		{8D179CBA-0512-4B12-8443-6D40E611C673}.Debug|x64.ActiveCfg = Debug|x64
		{8D179CBA-0512-4B12-8443-6D40E611C673}.Debug|x64.Build.0 = Debug|x64
		{8D179CBA-0512-4B12-8443-6D40E611C673}.Release|Win32.ActiveCfg = Release|Win32
		{8D179CBA-0512-4B12-8443-6D40E611C673}.Release|Win32.Build.0 = Release|Win32
		{8D179CBA-0512-4B12-8443-6D40E611C673}.Release|x64.ActiveCfg = Release|x64
		{8D179CBA-0512-4B12-8443-6D40E611C673}.Release|x64.Build.0 = Release|x64
		{4014CAA5-CA7C-4625-8B9D-673FDDFE52B7}.Debug|Win32.ActiveCfg = Debug|Win32
		{4014CAA5-CA7C-4625-8B9D-673FDDFE52B7}.Debug|Win32.Build.0 = Debug|Win32
		{4014CAA5-CA7C-4625-8B9D-673FDDFE52B7}.Debug|x64.ActiveCfg = Debug|x64
		{4014CAA5-CA7C-4625-8B9D-673FDDFE52B7}.Debug|x64.Build.0 = Debug|x64
		{4014CAA5-CA7C-4625-8B9D-673FDDFE52B7}.Release|Win32.ActiveCfg = Release|Win32
		{4014CAA5-CA7C-4625-8B9D-673FDDFE52B7}.Release|Win32.Build.0 = Release|Win32
		{4014CAA5-CA7C-4625-8B9D-673FDDFE52B7}.Release|x64.ActiveCfg = Release|x64
		{4014CAA5-CA7C-4625-8B9D-673FDDFE52B7}.Release|x64.Build.0 = Release|x64
		{20A8CA29-27A8-429C-9E94-9EA888CD489A}.Debug|Win32.ActiveCfg = Debug|Win32
		{20A8CA29-27A8-429C-9E94-9EA888CD489A}.Debug|Win32.Build.0 = Debug|Win32
		{20A8CA29-27A8-429C-9E94-9EA888CD489A}.Debug|x64.ActiveCfg = Debug|x64
		{20A8CA29-27A8-429C-9E94-9EA888CD489A}.Debug|x64.Build.0 = Debug|x64
		{20A8CA29-27A8-429C-9E94-9EA888CD489A}.Release|Win32.ActiveCfg = Release|Win32
		{20A8CA29-27A8-429C-9E94-9EA888CD489A}.Release|Win32.Build.0 = Release|Win32
		{20A8CA29-27A8-429C-9E94-9EA888CD489A}.Release|x64.ActiveCfg = Release|x64
		{20A8CA29-27A8-429C-9E94-9EA888CD489A}.Release|x64.Build.0 = Release|x64
		{FBD99D78-D7B1-412E-9B70-02ADA80F4906}.Debug|Win32.ActiveCfg = Debug|Win32
		{FBD99D78-D7B1-412E-9B70-02ADA80F4906}.Debug|Win32.Build.0 = Debug|Win32
		{FBD99D78-D7B1-412E-9B70-02ADA80F4906}.Debug|x64.ActiveCfg = Debug|x64
		{FBD99D78-D7B1-412E-9B70-02ADA80F4906}.Debug|x64.Build.0 = Debug|x64
		{FBD99D78-D7B1-412E-9B70-02ADA80F4906}.Release|Win32.ActiveCfg = Release|Win32
		{FBD99D78-D7B1-412E-9B70-02ADA80F4906}.Release|Win32.Build.0 = Release|Win32
		{FBD99D78-D7B1-412E-9B70-02ADA80F4906}.Release|x64.ActiveCfg = Release|x64
		{FBD99D78-D7B1-412E-9B70-02ADA80F4906}.Release|x64.Build.0 = Release|x64
	EndGlobalSection
	GlobalSection(SolutionProperties) = preSolution
		HideSolutionNode = FALSE
	EndGlobalSection
EndGlobal
