
Microsoft Visual Studio Solution File, Format Version 12.00
# Visual Studio Express 14 for Windows Desktop
VisualStudioVersion = 14.0.24720.0
MinimumVisualStudioVersion = 10.0.40219.1
Project("{8BC9CEB8-8B4A-11D0-8D11-00A0C91BC942}") = "CmdLineTest1", "CmdLineTest1\CmdLineTest1.vcxproj", "{73A309B2-0AF9-47EB-B5D1-A932203B9F9C}"
EndProject
Project("{8BC9CEB8-8B4A-11D0-8D11-00A0C91BC942}") = "ThreadTest", "ThreadTest\ThreadTest.vcxproj", "{A0AB985A-67BB-44DB-805C-7B0A4CA53170}"
EndProject
Project("{8BC9CEB8-8B4A-11D0-8D11-00A0C91BC942}") = "NanoTimeTest", "NanoTimeTest\NanoTimeTest.vcxproj", "{AE99F90E-2FA0-488C-B231-DA74E79B0E1F}"
EndProject
Project("{8BC9CEB8-8B4A-11D0-8D11-00A0C91BC942}") = "TwoThreadTest", "TwoThreadTest\TwoThreadTest.vcxproj", "{94FB6082-38EF-4E73-9DDD-F0969070F8C6}"
EndProject
Project("{8BC9CEB8-8B4A-11D0-8D11-00A0C91BC942}") = "FilterTest", "FilterTest\FilterTest.vcxproj", "{07887E20-BCDF-443C-A98B-C4C796AE7240}"
EndProject
Project("{8BC9CEB8-8B4A-11D0-8D11-00A0C91BC942}") = "RVectorTest", "RVectorTest\RVectorTest.vcxproj", "{B9C26569-D4B6-4CB6-8B04-81E3CFC562F3}"
EndProject
Project("{8BC9CEB8-8B4A-11D0-8D11-00A0C91BC942}") = "RisLib", "RisLib\RisLib.vcxproj", "{740DD552-6B3B-4A1B-9B22-B6F516E458AB}"
EndProject
Project("{8BC9CEB8-8B4A-11D0-8D11-00A0C91BC942}") = "Test", "Test\Test.vcxproj", "{CAE77CCE-F1ED-4596-913A-975EA3C7BCB8}"
EndProject
Project("{8BC9CEB8-8B4A-11D0-8D11-00A0C91BC942}") = "CallPointer1", "CallPointer1\CallPointer1.vcxproj", "{CA583E80-2EA1-11E3-AA6E-0800200C9A66}"
EndProject
Project("{8BC9CEB8-8B4A-11D0-8D11-00A0C91BC942}") = "LutTest", "LutTest\LutTest.vcxproj", "{EAF0F775-3BAB-47E6-B741-EE0FE4F6AA65}"
EndProject
Project("{8BC9CEB8-8B4A-11D0-8D11-00A0C91BC942}") = "Classes", "Classes\Classes.vcxproj", "{B3A1094D-9994-4EA8-BC7B-B9E31C94B8CA}"
EndProject
Project("{8BC9CEB8-8B4A-11D0-8D11-00A0C91BC942}") = "CallPointer2", "CallPointer2\CallPointer2.vcxproj", "{253783D2-1554-41E5-A402-1C44FC5F22A1}"
EndProject
Project("{8BC9CEB8-8B4A-11D0-8D11-00A0C91BC942}") = "ProtoCommU", "ProtoCommU\ProtoCommU.vcxproj", "{15EDA9DE-064F-44C9-9DCA-898073B9343B}"
EndProject
Project("{8BC9CEB8-8B4A-11D0-8D11-00A0C91BC942}") = "ProtoCommT", "ProtoCommT\ProtoCommT.vcxproj", "{787F40DF-748E-4176-8496-877545D33F6D}"
EndProject
Project("{8BC9CEB8-8B4A-11D0-8D11-00A0C91BC942}") = "TimerThreadTest", "TimerThreadTest\TimerThreadTest.vcxproj", "{605B9FE7-D32A-4F54-BF14-C5D226492F05}"
EndProject
Project("{8BC9CEB8-8B4A-11D0-8D11-00A0C91BC942}") = "PrintTest", "PrintTest\PrintTest.vcxproj", "{3B01EFC6-2EFA-4A28-BC3D-171204CE509A}"
EndProject
Project("{8BC9CEB8-8B4A-11D0-8D11-00A0C91BC942}") = "PrintView", "PrintView\PrintView.vcxproj", "{E90F80F2-C5F3-47E0-9F4E-0AC6665BF036}"
EndProject
Global
	GlobalSection(SolutionConfigurationPlatforms) = preSolution
		Debug|Win32 = Debug|Win32
		Debug|x64 = Debug|x64
		Release|Win32 = Release|Win32
		Release|x64 = Release|x64
	EndGlobalSection
	GlobalSection(ProjectConfigurationPlatforms) = postSolution
		{73A309B2-0AF9-47EB-B5D1-A932203B9F9C}.Debug|Win32.ActiveCfg = Debug|Win32
		{73A309B2-0AF9-47EB-B5D1-A932203B9F9C}.Debug|Win32.Build.0 = Debug|Win32
		{73A309B2-0AF9-47EB-B5D1-A932203B9F9C}.Debug|x64.ActiveCfg = Debug|x64
		{73A309B2-0AF9-47EB-B5D1-A932203B9F9C}.Debug|x64.Build.0 = Debug|x64
		{73A309B2-0AF9-47EB-B5D1-A932203B9F9C}.Release|Win32.ActiveCfg = Release|Win32
		{73A309B2-0AF9-47EB-B5D1-A932203B9F9C}.Release|Win32.Build.0 = Release|Win32
		{73A309B2-0AF9-47EB-B5D1-A932203B9F9C}.Release|x64.ActiveCfg = Release|x64
		{73A309B2-0AF9-47EB-B5D1-A932203B9F9C}.Release|x64.Build.0 = Release|x64
		{A0AB985A-67BB-44DB-805C-7B0A4CA53170}.Debug|Win32.ActiveCfg = Debug|Win32
		{A0AB985A-67BB-44DB-805C-7B0A4CA53170}.Debug|Win32.Build.0 = Debug|Win32
		{A0AB985A-67BB-44DB-805C-7B0A4CA53170}.Debug|x64.ActiveCfg = Debug|x64
		{A0AB985A-67BB-44DB-805C-7B0A4CA53170}.Debug|x64.Build.0 = Debug|x64
		{A0AB985A-67BB-44DB-805C-7B0A4CA53170}.Release|Win32.ActiveCfg = Release|Win32
		{A0AB985A-67BB-44DB-805C-7B0A4CA53170}.Release|Win32.Build.0 = Release|Win32
		{A0AB985A-67BB-44DB-805C-7B0A4CA53170}.Release|x64.ActiveCfg = Release|x64
		{A0AB985A-67BB-44DB-805C-7B0A4CA53170}.Release|x64.Build.0 = Release|x64
		{AE99F90E-2FA0-488C-B231-DA74E79B0E1F}.Debug|Win32.ActiveCfg = Debug|Win32
		{AE99F90E-2FA0-488C-B231-DA74E79B0E1F}.Debug|Win32.Build.0 = Debug|Win32
		{AE99F90E-2FA0-488C-B231-DA74E79B0E1F}.Debug|x64.ActiveCfg = Debug|x64
		{AE99F90E-2FA0-488C-B231-DA74E79B0E1F}.Debug|x64.Build.0 = Debug|x64
		{AE99F90E-2FA0-488C-B231-DA74E79B0E1F}.Release|Win32.ActiveCfg = Release|Win32
		{AE99F90E-2FA0-488C-B231-DA74E79B0E1F}.Release|Win32.Build.0 = Release|Win32
		{AE99F90E-2FA0-488C-B231-DA74E79B0E1F}.Release|x64.ActiveCfg = Release|x64
		{AE99F90E-2FA0-488C-B231-DA74E79B0E1F}.Release|x64.Build.0 = Release|x64
		{94FB6082-38EF-4E73-9DDD-F0969070F8C6}.Debug|Win32.ActiveCfg = Debug|Win32
		{94FB6082-38EF-4E73-9DDD-F0969070F8C6}.Debug|Win32.Build.0 = Debug|Win32
		{94FB6082-38EF-4E73-9DDD-F0969070F8C6}.Debug|x64.ActiveCfg = Debug|x64
		{94FB6082-38EF-4E73-9DDD-F0969070F8C6}.Debug|x64.Build.0 = Debug|x64
		{94FB6082-38EF-4E73-9DDD-F0969070F8C6}.Release|Win32.ActiveCfg = Release|Win32
		{94FB6082-38EF-4E73-9DDD-F0969070F8C6}.Release|Win32.Build.0 = Release|Win32
		{94FB6082-38EF-4E73-9DDD-F0969070F8C6}.Release|x64.ActiveCfg = Release|x64
		{94FB6082-38EF-4E73-9DDD-F0969070F8C6}.Release|x64.Build.0 = Release|x64
		{07887E20-BCDF-443C-A98B-C4C796AE7240}.Debug|Win32.ActiveCfg = Debug|Win32
		{07887E20-BCDF-443C-A98B-C4C796AE7240}.Debug|Win32.Build.0 = Debug|Win32
		{07887E20-BCDF-443C-A98B-C4C796AE7240}.Debug|x64.ActiveCfg = Debug|x64
		{07887E20-BCDF-443C-A98B-C4C796AE7240}.Debug|x64.Build.0 = Debug|x64
		{07887E20-BCDF-443C-A98B-C4C796AE7240}.Release|Win32.ActiveCfg = Release|Win32
		{07887E20-BCDF-443C-A98B-C4C796AE7240}.Release|Win32.Build.0 = Release|Win32
		{07887E20-BCDF-443C-A98B-C4C796AE7240}.Release|x64.ActiveCfg = Release|x64
		{07887E20-BCDF-443C-A98B-C4C796AE7240}.Release|x64.Build.0 = Release|x64
		{B9C26569-D4B6-4CB6-8B04-81E3CFC562F3}.Debug|Win32.ActiveCfg = Debug|Win32
		{B9C26569-D4B6-4CB6-8B04-81E3CFC562F3}.Debug|Win32.Build.0 = Debug|Win32
		{B9C26569-D4B6-4CB6-8B04-81E3CFC562F3}.Debug|x64.ActiveCfg = Debug|x64
		{B9C26569-D4B6-4CB6-8B04-81E3CFC562F3}.Debug|x64.Build.0 = Debug|x64
		{B9C26569-D4B6-4CB6-8B04-81E3CFC562F3}.Release|Win32.ActiveCfg = Release|Win32
		{B9C26569-D4B6-4CB6-8B04-81E3CFC562F3}.Release|Win32.Build.0 = Release|Win32
		{B9C26569-D4B6-4CB6-8B04-81E3CFC562F3}.Release|x64.ActiveCfg = Release|x64
		{B9C26569-D4B6-4CB6-8B04-81E3CFC562F3}.Release|x64.Build.0 = Release|x64
		{740DD552-6B3B-4A1B-9B22-B6F516E458AB}.Debug|Win32.ActiveCfg = Debug|Win32
		{740DD552-6B3B-4A1B-9B22-B6F516E458AB}.Debug|Win32.Build.0 = Debug|Win32
		{740DD552-6B3B-4A1B-9B22-B6F516E458AB}.Debug|x64.ActiveCfg = Debug|x64
		{740DD552-6B3B-4A1B-9B22-B6F516E458AB}.Debug|x64.Build.0 = Debug|x64
		{740DD552-6B3B-4A1B-9B22-B6F516E458AB}.Release|Win32.ActiveCfg = Release|Win32
		{740DD552-6B3B-4A1B-9B22-B6F516E458AB}.Release|Win32.Build.0 = Release|Win32
		{740DD552-6B3B-4A1B-9B22-B6F516E458AB}.Release|x64.ActiveCfg = Release|x64
		{740DD552-6B3B-4A1B-9B22-B6F516E458AB}.Release|x64.Build.0 = Release|x64
		{CAE77CCE-F1ED-4596-913A-975EA3C7BCB8}.Debug|Win32.ActiveCfg = Debug|Win32
		{CAE77CCE-F1ED-4596-913A-975EA3C7BCB8}.Debug|Win32.Build.0 = Debug|Win32
		{CAE77CCE-F1ED-4596-913A-975EA3C7BCB8}.Debug|x64.ActiveCfg = Debug|x64
		{CAE77CCE-F1ED-4596-913A-975EA3C7BCB8}.Debug|x64.Build.0 = Debug|x64
		{CAE77CCE-F1ED-4596-913A-975EA3C7BCB8}.Release|Win32.ActiveCfg = Release|Win32
		{CAE77CCE-F1ED-4596-913A-975EA3C7BCB8}.Release|Win32.Build.0 = Release|Win32
		{CAE77CCE-F1ED-4596-913A-975EA3C7BCB8}.Release|x64.ActiveCfg = Release|x64
		{CAE77CCE-F1ED-4596-913A-975EA3C7BCB8}.Release|x64.Build.0 = Release|x64
		{CA583E80-2EA1-11E3-AA6E-0800200C9A66}.Debug|Win32.ActiveCfg = Debug|Win32
		{CA583E80-2EA1-11E3-AA6E-0800200C9A66}.Debug|Win32.Build.0 = Debug|Win32
		{CA583E80-2EA1-11E3-AA6E-0800200C9A66}.Debug|x64.ActiveCfg = Debug|x64
		{CA583E80-2EA1-11E3-AA6E-0800200C9A66}.Debug|x64.Build.0 = Debug|x64
		{CA583E80-2EA1-11E3-AA6E-0800200C9A66}.Release|Win32.ActiveCfg = Release|Win32
		{CA583E80-2EA1-11E3-AA6E-0800200C9A66}.Release|Win32.Build.0 = Release|Win32
		{CA583E80-2EA1-11E3-AA6E-0800200C9A66}.Release|x64.ActiveCfg = Release|x64
		{CA583E80-2EA1-11E3-AA6E-0800200C9A66}.Release|x64.Build.0 = Release|x64
		{EAF0F775-3BAB-47E6-B741-EE0FE4F6AA65}.Debug|Win32.ActiveCfg = Debug|Win32
		{EAF0F775-3BAB-47E6-B741-EE0FE4F6AA65}.Debug|Win32.Build.0 = Debug|Win32
		{EAF0F775-3BAB-47E6-B741-EE0FE4F6AA65}.Debug|x64.ActiveCfg = Debug|x64
		{EAF0F775-3BAB-47E6-B741-EE0FE4F6AA65}.Debug|x64.Build.0 = Debug|x64
		{EAF0F775-3BAB-47E6-B741-EE0FE4F6AA65}.Release|Win32.ActiveCfg = Release|Win32
		{EAF0F775-3BAB-47E6-B741-EE0FE4F6AA65}.Release|Win32.Build.0 = Release|Win32
		{EAF0F775-3BAB-47E6-B741-EE0FE4F6AA65}.Release|x64.ActiveCfg = Release|x64
		{EAF0F775-3BAB-47E6-B741-EE0FE4F6AA65}.Release|x64.Build.0 = Release|x64
		{B3A1094D-9994-4EA8-BC7B-B9E31C94B8CA}.Debug|Win32.ActiveCfg = Debug|Win32
		{B3A1094D-9994-4EA8-BC7B-B9E31C94B8CA}.Debug|Win32.Build.0 = Debug|Win32
		{B3A1094D-9994-4EA8-BC7B-B9E31C94B8CA}.Debug|x64.ActiveCfg = Debug|x64
		{B3A1094D-9994-4EA8-BC7B-B9E31C94B8CA}.Debug|x64.Build.0 = Debug|x64
		{B3A1094D-9994-4EA8-BC7B-B9E31C94B8CA}.Release|Win32.ActiveCfg = Release|Win32
		{B3A1094D-9994-4EA8-BC7B-B9E31C94B8CA}.Release|Win32.Build.0 = Release|Win32
		{B3A1094D-9994-4EA8-BC7B-B9E31C94B8CA}.Release|x64.ActiveCfg = Release|x64
		{B3A1094D-9994-4EA8-BC7B-B9E31C94B8CA}.Release|x64.Build.0 = Release|x64
		{253783D2-1554-41E5-A402-1C44FC5F22A1}.Debug|Win32.ActiveCfg = Debug|Win32
		{253783D2-1554-41E5-A402-1C44FC5F22A1}.Debug|Win32.Build.0 = Debug|Win32
		{253783D2-1554-41E5-A402-1C44FC5F22A1}.Debug|x64.ActiveCfg = Debug|x64
		{253783D2-1554-41E5-A402-1C44FC5F22A1}.Debug|x64.Build.0 = Debug|x64
		{253783D2-1554-41E5-A402-1C44FC5F22A1}.Release|Win32.ActiveCfg = Release|Win32
		{253783D2-1554-41E5-A402-1C44FC5F22A1}.Release|Win32.Build.0 = Release|Win32
		{253783D2-1554-41E5-A402-1C44FC5F22A1}.Release|x64.ActiveCfg = Release|x64
		{253783D2-1554-41E5-A402-1C44FC5F22A1}.Release|x64.Build.0 = Release|x64
		{15EDA9DE-064F-44C9-9DCA-898073B9343B}.Debug|Win32.ActiveCfg = Debug|Win32
		{15EDA9DE-064F-44C9-9DCA-898073B9343B}.Debug|Win32.Build.0 = Debug|Win32
		{15EDA9DE-064F-44C9-9DCA-898073B9343B}.Debug|x64.ActiveCfg = Debug|x64
		{15EDA9DE-064F-44C9-9DCA-898073B9343B}.Debug|x64.Build.0 = Debug|x64
		{15EDA9DE-064F-44C9-9DCA-898073B9343B}.Release|Win32.ActiveCfg = Release|Win32
		{15EDA9DE-064F-44C9-9DCA-898073B9343B}.Release|Win32.Build.0 = Release|Win32
		{15EDA9DE-064F-44C9-9DCA-898073B9343B}.Release|x64.ActiveCfg = Release|x64
		{15EDA9DE-064F-44C9-9DCA-898073B9343B}.Release|x64.Build.0 = Release|x64
		{787F40DF-748E-4176-8496-877545D33F6D}.Debug|Win32.ActiveCfg = Debug|Win32
		{787F40DF-748E-4176-8496-877545D33F6D}.Debug|Win32.Build.0 = Debug|Win32
		{787F40DF-748E-4176-8496-877545D33F6D}.Debug|x64.ActiveCfg = Debug|x64
		{787F40DF-748E-4176-8496-877545D33F6D}.Debug|x64.Build.0 = Debug|x64
		{787F40DF-748E-4176-8496-877545D33F6D}.Release|Win32.ActiveCfg = Release|Win32
		{787F40DF-748E-4176-8496-877545D33F6D}.Release|Win32.Build.0 = Release|Win32
		{787F40DF-748E-4176-8496-877545D33F6D}.Release|x64.ActiveCfg = Release|x64
		{787F40DF-748E-4176-8496-877545D33F6D}.Release|x64.Build.0 = Release|x64
		{605B9FE7-D32A-4F54-BF14-C5D226492F05}.Debug|Win32.ActiveCfg = Debug|Win32
		{605B9FE7-D32A-4F54-BF14-C5D226492F05}.Debug|Win32.Build.0 = Debug|Win32
		{605B9FE7-D32A-4F54-BF14-C5D226492F05}.Debug|x64.ActiveCfg = Debug|x64
		{605B9FE7-D32A-4F54-BF14-C5D226492F05}.Debug|x64.Build.0 = Debug|x64
		{605B9FE7-D32A-4F54-BF14-C5D226492F05}.Release|Win32.ActiveCfg = Release|Win32
		{605B9FE7-D32A-4F54-BF14-C5D226492F05}.Release|Win32.Build.0 = Release|Win32
		{605B9FE7-D32A-4F54-BF14-C5D226492F05}.Release|x64.ActiveCfg = Release|x64
		{605B9FE7-D32A-4F54-BF14-C5D226492F05}.Release|x64.Build.0 = Release|x64
		{3B01EFC6-2EFA-4A28-BC3D-171204CE509A}.Debug|Win32.ActiveCfg = Debug|Win32
		{3B01EFC6-2EFA-4A28-BC3D-171204CE509A}.Debug|Win32.Build.0 = Debug|Win32
		{3B01EFC6-2EFA-4A28-BC3D-171204CE509A}.Debug|x64.ActiveCfg = Debug|x64
		{3B01EFC6-2EFA-4A28-BC3D-171204CE509A}.Debug|x64.Build.0 = Debug|x64
		{3B01EFC6-2EFA-4A28-BC3D-171204CE509A}.Release|Win32.ActiveCfg = Release|Win32
		{3B01EFC6-2EFA-4A28-BC3D-171204CE509A}.Release|Win32.Build.0 = Release|Win32
		{3B01EFC6-2EFA-4A28-BC3D-171204CE509A}.Release|x64.ActiveCfg = Release|x64
		{3B01EFC6-2EFA-4A28-BC3D-171204CE509A}.Release|x64.Build.0 = Release|x64
		{E90F80F2-C5F3-47E0-9F4E-0AC6665BF036}.Debug|Win32.ActiveCfg = Debug|Win32
		{E90F80F2-C5F3-47E0-9F4E-0AC6665BF036}.Debug|Win32.Build.0 = Debug|Win32
		{E90F80F2-C5F3-47E0-9F4E-0AC6665BF036}.Debug|x64.ActiveCfg = Debug|x64
		{E90F80F2-C5F3-47E0-9F4E-0AC6665BF036}.Debug|x64.Build.0 = Debug|x64
		{E90F80F2-C5F3-47E0-9F4E-0AC6665BF036}.Release|Win32.ActiveCfg = Release|Win32
		{E90F80F2-C5F3-47E0-9F4E-0AC6665BF036}.Release|Win32.Build.0 = Release|Win32
		{E90F80F2-C5F3-47E0-9F4E-0AC6665BF036}.Release|x64.ActiveCfg = Release|x64
		{E90F80F2-C5F3-47E0-9F4E-0AC6665BF036}.Release|x64.Build.0 = Release|x64
	EndGlobalSection
	GlobalSection(SolutionProperties) = preSolution
		HideSolutionNode = FALSE
	EndGlobalSection
EndGlobal
