<?xml version="1.0" encoding="utf-8"?>
<Project ToolsVersion="4.0" xmlns="http://schemas.microsoft.com/developer/msbuild/2003">
  <ItemGroup>
    <Filter Include="Source">
      <UniqueIdentifier>{ee9fa1f9-a00f-4a63-91fc-989144ecbc0f}</UniqueIdentifier>
    </Filter>
  </ItemGroup>
  <ItemGroup>
    <ClCompile Include="Source\CmdLineExec.cpp">
      <Filter>Source</Filter>
    </ClCompile>
    <ClCompile Include="Source\Main.cpp">
      <Filter>Source</Filter>
    </ClCompile>
    <ClCompile Include="Source\someClass1.cpp">
      <Filter>Source</Filter>
    </ClCompile>
    <ClCompile Include="Source\someClass2.cpp">
      <Filter>Source</Filter>
    </ClCompile>
    <ClCompile Include="Source\someClass3.cpp">
      <Filter>Source</Filter>
    </ClCompile>
    <ClCompile Include="Source\someClass4.cpp">
      <Filter>Source</Filter>
    </ClCompile>
  </ItemGroup>
  <ItemGroup>
    <ClInclude Include="Source\CmdLineExec.h">
      <Filter>Source</Filter>
    </ClInclude>
    <ClInclude Include="Source\someClass1.h">
      <Filter>Source</Filter>
    </ClInclude>
    <ClInclude Include="Source\Callback.h">
      <Filter>Source</Filter>
    </ClInclude>
    <ClInclude Include="Source\someClass2.h">
      <Filter>Source</Filter>
    </ClInclude>
    <ClInclude Include="Source\someClass3.h">
      <Filter>Source</Filter>
    </ClInclude>
    <ClInclude Include="Source\someClass4.h">
      <Filter>Source</Filter>
    </ClInclude>
    <ClInclude Include="Source\someClass5.h">
      <Filter>Source</Filter>
    </ClInclude>
  </ItemGroup>
</Project>