<?xml version="1.0" encoding="utf-8"?>
<Project ToolsVersion="4.0" xmlns="http://schemas.microsoft.com/developer/msbuild/2003">
  <ItemGroup>
    <Filter Include="Source">
      <UniqueIdentifier>{4FC737F1-C7A5-4376-A066-2A32D752A2FF}</UniqueIdentifier>
      <Extensions>cpp;c;cc;cxx;def;odl;idl;hpj;bat;asm;asmx</Extensions>
    </Filter>
  </ItemGroup>
  <ItemGroup>
    <ClCompile Include="Source\my_functions.cpp">
      <Filter>Source</Filter>
    </ClCompile>
    <ClCompile Include="Source\prnPrint.cpp">
      <Filter>Source</Filter>
    </ClCompile>
    <ClCompile Include="Source\prnPrintSettings.cpp">
      <Filter>Source</Filter>
    </ClCompile>
    <ClCompile Include="Source\risByteContent.cpp">
      <Filter>Source</Filter>
    </ClCompile>
    <ClCompile Include="Source\risByteMessage.cpp">
      <Filter>Source</Filter>
    </ClCompile>
    <ClCompile Include="Source\risCmdLineCmd.cpp">
      <Filter>Source</Filter>
    </ClCompile>
    <ClCompile Include="Source\risCmdLineFile.cpp">
      <Filter>Source</Filter>
    </ClCompile>
    <ClCompile Include="Source\risCmdLineString.cpp">
      <Filter>Source</Filter>
    </ClCompile>
    <ClCompile Include="Source\risCriticalSection_win.cpp">
      <Filter>Source</Filter>
    </ClCompile>
    <ClCompile Include="Source\risFilterAlpha.cpp">
      <Filter>Source</Filter>
    </ClCompile>
    <ClCompile Include="Source\risFilterFilters.cpp">
      <Filter>Source</Filter>
    </ClCompile>
    <ClCompile Include="Source\risLogic.cpp">
      <Filter>Source</Filter>
    </ClCompile>
    <ClCompile Include="Source\risLut.cpp">
      <Filter>Source</Filter>
    </ClCompile>
    <ClCompile Include="Source\risNetSessionStateList.cpp">
      <Filter>Source</Filter>
    </ClCompile>
    <ClCompile Include="Source\risNetTcpClientThread.cpp">
      <Filter>Source</Filter>
    </ClCompile>
    <ClCompile Include="Source\risNetTcpMsgSocket.cpp">
      <Filter>Source</Filter>
    </ClCompile>
    <ClCompile Include="Source\risNetTcpServerThread.cpp">
      <Filter>Source</Filter>
    </ClCompile>
    <ClCompile Include="Source\risNetUdpMsgSocket.cpp">
      <Filter>Source</Filter>
    </ClCompile>
    <ClCompile Include="Source\risNetUdpRxThread.cpp">
      <Filter>Source</Filter>
    </ClCompile>
    <ClCompile Include="Source\risPortableCalls_win.cpp">
      <Filter>Source</Filter>
    </ClCompile>
    <ClCompile Include="Source\risRVector.cpp">
      <Filter>Source</Filter>
    </ClCompile>
    <ClCompile Include="Source\risSockets_win.cpp">
      <Filter>Source</Filter>
    </ClCompile>
    <ClCompile Include="Source\risStatistics.cpp">
      <Filter>Source</Filter>
    </ClCompile>
    <ClCompile Include="Source\risThreads_win.cpp">
      <Filter>Source</Filter>
    </ClCompile>
    <ClCompile Include="Source\risThreadsScheduler.cpp">
      <Filter>Source</Filter>
    </ClCompile>
    <ClCompile Include="Source\risThreadsTimerThread.cpp">
      <Filter>Source</Filter>
    </ClCompile>
    <ClCompile Include="Source\risThreadsTwoThread.cpp">
      <Filter>Source</Filter>
    </ClCompile>
    <ClCompile Include="Source\risTime.cpp">
      <Filter>Source</Filter>
    </ClCompile>
    <ClCompile Include="Source\risTimeDuration.cpp">
      <Filter>Source</Filter>
    </ClCompile>
    <ClCompile Include="Source\risTimerTester.cpp">
      <Filter>Source</Filter>
    </ClCompile>
    <ClCompile Include="Source\risThreadsProcess_win.cpp">
      <Filter>Source</Filter>
    </ClCompile>
    <ClCompile Include="Source\risThreadsTimer.cpp">
      <Filter>Source</Filter>
    </ClCompile>
    <ClCompile Include="Source\risTimeMarker.cpp">
      <Filter>Source</Filter>
    </ClCompile>
    <ClCompile Include="Source\prnPrintThread.cpp">
      <Filter>Source</Filter>
    </ClCompile>
    <ClCompile Include="Source\risThreadsCPSpecific.cpp">
      <Filter>Source</Filter>
    </ClCompile>
    <ClCompile Include="Source\risNanoTime.cpp">
      <Filter>Source</Filter>
    </ClCompile>
    <ClCompile Include="Source\risCmdLineConsole.cpp">
      <Filter>Source</Filter>
    </ClCompile>
    <ClCompile Include="Source\risFilterStatistics.cpp">
      <Filter>Source</Filter>
    </ClCompile>
    <ClCompile Include="Source\risCmdLineExec.cpp">
      <Filter>Source</Filter>
    </ClCompile>
    <ClCompile Include="Source\risPointerStack.cpp">
      <Filter>Source</Filter>
    </ClCompile>
    <ClCompile Include="Source\risThreadsQCallThread.cpp">
      <Filter>Source</Filter>
    </ClCompile>
    <ClCompile Include="Source\risThreadsQCall.cpp">
      <Filter>Source</Filter>
    </ClCompile>
    <ClCompile Include="Source\risCmdLineTables.cpp">
      <Filter>Source</Filter>
    </ClCompile>
    <ClCompile Include="Source\ris_priorities_win.cpp">
      <Filter>Source</Filter>
    </ClCompile>
  </ItemGroup>
  <ItemGroup>
    <ClInclude Include="Source\my_functions.h">
      <Filter>Source</Filter>
    </ClInclude>
    <ClInclude Include="Source\prnPrint.h">
      <Filter>Source</Filter>
    </ClInclude>
    <ClInclude Include="Source\prnPrintSettings.h">
      <Filter>Source</Filter>
    </ClInclude>
    <ClInclude Include="Source\risByteContent.h">
      <Filter>Source</Filter>
    </ClInclude>
    <ClInclude Include="Source\risByteMessage.h">
      <Filter>Source</Filter>
    </ClInclude>
    <ClInclude Include="Source\risCallPointer.h">
      <Filter>Source</Filter>
    </ClInclude>
    <ClInclude Include="Source\risCmdLineCmd.h">
      <Filter>Source</Filter>
    </ClInclude>
    <ClInclude Include="Source\risCmdLineConsole.h">
      <Filter>Source</Filter>
    </ClInclude>
    <ClInclude Include="Source\risCmdLineFile.h">
      <Filter>Source</Filter>
    </ClInclude>
    <ClInclude Include="Source\risCmdLineString.h">
      <Filter>Source</Filter>
    </ClInclude>
    <ClInclude Include="Source\risContainers.h">
      <Filter>Source</Filter>
    </ClInclude>
    <ClInclude Include="Source\risCriticalSection.h">
      <Filter>Source</Filter>
    </ClInclude>
    <ClInclude Include="Source\risFilterAlpha.h">
      <Filter>Source</Filter>
    </ClInclude>
    <ClInclude Include="Source\risFilterFilters.h">
      <Filter>Source</Filter>
    </ClInclude>
    <ClInclude Include="Source\risLogic.h">
      <Filter>Source</Filter>
    </ClInclude>
    <ClInclude Include="Source\risLut.h">
      <Filter>Source</Filter>
    </ClInclude>
    <ClInclude Include="Source\risNetSessionStateList.h">
      <Filter>Source</Filter>
    </ClInclude>
    <ClInclude Include="Source\risNetTcpClientThread.h">
      <Filter>Source</Filter>
    </ClInclude>
    <ClInclude Include="Source\risNetTcpMsgSocket.h">
      <Filter>Source</Filter>
    </ClInclude>
    <ClInclude Include="Source\risNetTcpServerThread.h">
      <Filter>Source</Filter>
    </ClInclude>
    <ClInclude Include="Source\risNetUdpMsgSocket.h">
      <Filter>Source</Filter>
    </ClInclude>
    <ClInclude Include="Source\risNetUdpRxThread.h">
      <Filter>Source</Filter>
    </ClInclude>
    <ClInclude Include="Source\risPortableCalls.h">
      <Filter>Source</Filter>
    </ClInclude>
    <ClInclude Include="Source\risPortableTypes.h">
      <Filter>Source</Filter>
    </ClInclude>
    <ClInclude Include="Source\risRVector.h">
      <Filter>Source</Filter>
    </ClInclude>
    <ClInclude Include="Source\risSockets.h">
      <Filter>Source</Filter>
    </ClInclude>
    <ClInclude Include="Source\risStatistics.h">
      <Filter>Source</Filter>
    </ClInclude>
    <ClInclude Include="Source\risThreads.h">
      <Filter>Source</Filter>
    </ClInclude>
    <ClInclude Include="Source\risThreadsQueue.h">
      <Filter>Source</Filter>
    </ClInclude>
    <ClInclude Include="Source\risThreadsScheduler.h">
      <Filter>Source</Filter>
    </ClInclude>
    <ClInclude Include="Source\risThreadsTimer.h">
      <Filter>Source</Filter>
    </ClInclude>
    <ClInclude Include="Source\risThreadsTimerThread.h">
      <Filter>Source</Filter>
    </ClInclude>
    <ClInclude Include="Source\risThreadsTwoThread.h">
      <Filter>Source</Filter>
    </ClInclude>
    <ClInclude Include="Source\risTime.h">
      <Filter>Source</Filter>
    </ClInclude>
    <ClInclude Include="Source\risTimeDuration.h">
      <Filter>Source</Filter>
    </ClInclude>
    <ClInclude Include="Source\risTimeMarker.h">
      <Filter>Source</Filter>
    </ClInclude>
    <ClInclude Include="Source\risTimerTester.h">
      <Filter>Source</Filter>
    </ClInclude>
    <ClInclude Include="Source\risThreadsProcess.h">
      <Filter>Source</Filter>
    </ClInclude>
    <ClInclude Include="Source\prnPrintThread.h">
      <Filter>Source</Filter>
    </ClInclude>
    <ClInclude Include="Source\risThreadsCPSpecific.h">
      <Filter>Source</Filter>
    </ClInclude>
    <ClInclude Include="Source\risNanoTime.h">
      <Filter>Source</Filter>
    </ClInclude>
    <ClInclude Include="Source\risFilterStatistics.h">
      <Filter>Source</Filter>
    </ClInclude>
    <ClInclude Include="Source\my_defs.h">
      <Filter>Source</Filter>
    </ClInclude>
    <ClInclude Include="Source\risCmdLineExec.h">
      <Filter>Source</Filter>
    </ClInclude>
    <ClInclude Include="Source\prnDefs.h">
      <Filter>Source</Filter>
    </ClInclude>
    <ClInclude Include="Source\risPointerStack.h">
      <Filter>Source</Filter>
    </ClInclude>
    <ClInclude Include="Source\risThreadsQCallThread.h">
      <Filter>Source</Filter>
    </ClInclude>
    <ClInclude Include="Source\risThreadsQCall.h">
      <Filter>Source</Filter>
    </ClInclude>
    <ClInclude Include="Source\risCmdLineTables.h">
      <Filter>Source</Filter>
    </ClInclude>
    <ClInclude Include="Source\risContainers2.h">
      <Filter>Source</Filter>
    </ClInclude>
    <ClInclude Include="Source\ris_priorities.h">
      <Filter>Source</Filter>
    </ClInclude>
  </ItemGroup>
</Project>