<?xml version="1.0" encoding="utf-8"?>
<Project ToolsVersion="4.0" xmlns="http://schemas.microsoft.com/developer/msbuild/2003">
  <ItemGroup>
    <ClCompile Include="Source\CmdLineExec.cpp">
      <Filter>Source</Filter>
    </ClCompile>
    <ClCompile Include="Source\exampleNetworkThread.cpp">
      <Filter>Source</Filter>
    </ClCompile>
    <ClCompile Include="Source\exampleSettings.cpp">
      <Filter>Source</Filter>
    </ClCompile>
    <ClCompile Include="Source\exampleTMessage.cpp">
      <Filter>Source</Filter>
    </ClCompile>
    <ClCompile Include="Source\exampleTMessageHelper.cpp">
      <Filter>Source</Filter>
    </ClCompile>
    <ClCompile Include="Source\Main.cpp">
      <Filter>Source</Filter>
    </ClCompile>
    <ClCompile Include="Source\MainInit.cpp">
      <Filter>Source</Filter>
    </ClCompile>
  </ItemGroup>
  <ItemGroup>
    <ClInclude Include="Source\CmdLineExec.h">
      <Filter>Source</Filter>
    </ClInclude>
    <ClInclude Include="Source\exampleNetworkThread.h">
      <Filter>Source</Filter>
    </ClInclude>
    <ClInclude Include="Source\exampleSettings.h">
      <Filter>Source</Filter>
    </ClInclude>
    <ClInclude Include="Source\exampleTMessage.h">
      <Filter>Source</Filter>
    </ClInclude>
    <ClInclude Include="Source\exampleTMessageHelper.h">
      <Filter>Source</Filter>
    </ClInclude>
    <ClInclude Include="Source\MainInit.h">
      <Filter>Source</Filter>
    </ClInclude>
  </ItemGroup>
  <ItemGroup>
    <Filter Include="Source">
      <UniqueIdentifier>{1963f6ac-2836-4aed-af35-dd93a7c2a6a6}</UniqueIdentifier>
    </Filter>
  </ItemGroup>
</Project>